
Microsoft Visual Studio Solution File, Format Version 12.00
# Visual Studio 15
VisualStudioVersion = 15.0.27428.2037
MinimumVisualStudioVersion = 10.0.40219.1
Project("{FAE04EC0-301F-11D3-BF4B-00C04F79EFBC}") = "Request-it", "Request-it\Request-it.csproj", "{5ED708FF-C3DD-4933-863D-29A88F05B1F1}"
EndProject
Global
	GlobalSection(SolutionConfigurationPlatforms) = preSolution
		Debug|Any CPU = Debug|Any CPU
		Release|Any CPU = Release|Any CPU
	EndGlobalSection
	GlobalSection(ProjectConfigurationPlatforms) = postSolution
		{5ED708FF-C3DD-4933-863D-29A88F05B1F1}.Debug|Any CPU.ActiveCfg = Debug|Any CPU
		{5ED708FF-C3DD-4933-863D-29A88F05B1F1}.Debug|Any CPU.Build.0 = Debug|Any CPU
		{5ED708FF-C3DD-4933-863D-29A88F05B1F1}.Release|Any CPU.ActiveCfg = Release|Any CPU
		{5ED708FF-C3DD-4933-863D-29A88F05B1F1}.Release|Any CPU.Build.0 = Release|Any CPU
	EndGlobalSection
	GlobalSection(SolutionProperties) = preSolution
		HideSolutionNode = FALSE
	EndGlobalSection
	GlobalSection(ExtensibilityGlobals) = postSolution
		SolutionGuid = {2E98404D-1473-402A-81E9-EFB22A6B5C5B}
	EndGlobalSection
EndGlobal
